
Microsoft Visual Studio Solution File, Format Version 12.00
# Visual Studio Version 17
VisualStudioVersion = 17.1.32228.430
MinimumVisualStudioVersion = 10.0.40219.1
Project("{FAE04EC0-301F-11D3-BF4B-00C04F79EFBC}") = "GameOfLifeDemo", "GameOfLifeDemo.csproj", "{035D753C-F17F-46DC-A80B-07866DFC5235}"
EndProject
Project("{FAE04EC0-301F-11D3-BF4B-00C04F79EFBC}") = "GameOfLifeTests", "GameOfLifeTests\GameOfLifeTests.csproj", "{84F62A68-3FAE-469E-8B95-2945E6952308}"
EndProject
Global
	GlobalSection(SolutionConfigurationPlatforms) = preSolution
		Debug|Any CPU = Debug|Any CPU
		Release|Any CPU = Release|Any CPU
	EndGlobalSection
	GlobalSection(ProjectConfigurationPlatforms) = postSolution
		{035D753C-F17F-46DC-A80B-07866DFC5235}.Debug|Any CPU.ActiveCfg = Debug|Any CPU
		{035D753C-F17F-46DC-A80B-07866DFC5235}.Debug|Any CPU.Build.0 = Debug|Any CPU
		{035D753C-F17F-46DC-A80B-07866DFC5235}.Release|Any CPU.ActiveCfg = Release|Any CPU
		{035D753C-F17F-46DC-A80B-07866DFC5235}.Release|Any CPU.Build.0 = Release|Any CPU
		{84F62A68-3FAE-469E-8B95-2945E6952308}.Debug|Any CPU.ActiveCfg = Debug|Any CPU
		{84F62A68-3FAE-469E-8B95-2945E6952308}.Debug|Any CPU.Build.0 = Debug|Any CPU
		{84F62A68-3FAE-469E-8B95-2945E6952308}.Release|Any CPU.ActiveCfg = Release|Any CPU
		{84F62A68-3FAE-469E-8B95-2945E6952308}.Release|Any CPU.Build.0 = Release|Any CPU
	EndGlobalSection
	GlobalSection(SolutionProperties) = preSolution
		HideSolutionNode = FALSE
	EndGlobalSection
	GlobalSection(ExtensibilityGlobals) = postSolution
		SolutionGuid = {883F559D-FE44-4CAC-9904-E06589BCB744}
	EndGlobalSection
EndGlobal
